// !$*UTF8*$!
{
	archiveVersion = 1;
	classes = {
	};
	objectVersion = 77;
	objects = {

/* Begin PBXBuildFile section */
		5CB85E852DFC07AB004562D0 /* AppDelegate.swift in Sources */ = {isa = PBXBuildFile; fileRef = 5CB85E842DFC07AB004562D0 /* AppDelegate.swift */; };
		5CB85E872DFC07C9004562D0 /* GameScene.swift in Sources */ = {isa = PBXBuildFile; fileRef = 5CB85E862DFC07C9004562D0 /* GameScene.swift */; };
		5CB85E892DFC07EA004562D0 /* GameViewController.swift in Sources */ = {isa = PBXBuildFile; fileRef = 5CB85E882DFC07EA004562D0 /* GameViewController.swift */; };
		5CB85E8B2DFC0810004562D0 /* PhysicsObjectFactory.swift in Sources */ = {isa = PBXBuildFile; fileRef = 5CB85E8A2DFC0810004562D0 /* PhysicsObjectFactory.swift */; };
		5CB85E8D2DFC084E004562D0 /* Assets.xcassets in Resources */ = {isa = PBXBuildFile; fileRef = 5CB85E8C2DFC084E004562D0 /* Assets.xcassets */; };
		5CB85E8F2DFC0867004562D0 /* Actions.sks in Resources */ = {isa = PBXBuildFile; fileRef = 5CB85E8E2DFC0867004562D0 /* Actions.sks */; };
		5CB85E912DFC0882004562D0 /* GameScene.sks in Resources */ = {isa = PBXBuildFile; fileRef = 5CB85E902DFC0882004562D0 /* GameScene.sks */; };
		5CB85E972DFC08A0004562D0 /* LaunchScreen.storyboard in Resources */ = {isa = PBXBuildFile; fileRef = 5CB85E932DFC08A0004562D0 /* LaunchScreen.storyboard */; };
		5CB85E982DFC08A0004562D0 /* Main.storyboard in Resources */ = {isa = PBXBuildFile; fileRef = 5CB85E952DFC08A0004562D0 /* Main.storyboard */; };
		5CB85EA62E1B9050004562D0 /* ObjectType.swift in Sources */ = {isa = PBXBuildFile; fileRef = 5CB85EA52E1B9036004562D0 /* ObjectType.swift */; };
		5CB85EA82E1F1C3D004562D0 /* MainMenuScene.swift in Sources */ = {isa = PBXBuildFile; fileRef = 5CB85EA72E1F1C2A004562D0 /* MainMenuScene.swift */; };
		5CB85EAC2E250555004562D0 /* MainMenuSceneDelegate.swift in Sources */ = {isa = PBXBuildFile; fileRef = 5CB85EAB2E250546004562D0 /* MainMenuSceneDelegate.swift */; };
		5CB85EAE2E2509DD004562D0 /* GameSceneUIDelegate.swift in Sources */ = {isa = PBXBuildFile; fileRef = 5CB85EAD2E2509C9004562D0 /* GameSceneUIDelegate.swift */; };
/* End PBXBuildFile section */

/* Begin PBXContainerItemProxy section */
		5C28ED6B2DCEEC5E004E9D01 /* PBXContainerItemProxy */ = {
			isa = PBXContainerItemProxy;
			containerPortal = 5C28ED492DCEEC5B004E9D01 /* Project object */;
			proxyType = 1;
			remoteGlobalIDString = 5C28ED502DCEEC5B004E9D01;
			remoteInfo = "Newtonian Physics Simulator";
		};
		5C28ED752DCEEC5E004E9D01 /* PBXContainerItemProxy */ = {
			isa = PBXContainerItemProxy;
			containerPortal = 5C28ED492DCEEC5B004E9D01 /* Project object */;
			proxyType = 1;
			remoteGlobalIDString = 5C28ED502DCEEC5B004E9D01;
			remoteInfo = "Newtonian Physics Simulator";
		};
/* End PBXContainerItemProxy section */

/* Begin PBXFileReference section */
		5C28ED512DCEEC5B004E9D01 /* Newtonian Physics Simulator.app */ = {isa = PBXFileReference; explicitFileType = wrapper.application; includeInIndex = 0; path = "Newtonian Physics Simulator.app"; sourceTree = BUILT_PRODUCTS_DIR; };
		5C28ED6A2DCEEC5E004E9D01 /* Newtonian Physics SimulatorTests.xctest */ = {isa = PBXFileReference; explicitFileType = wrapper.cfbundle; includeInIndex = 0; path = "Newtonian Physics SimulatorTests.xctest"; sourceTree = BUILT_PRODUCTS_DIR; };
		5C28ED742DCEEC5E004E9D01 /* Newtonian Physics SimulatorUITests.xctest */ = {isa = PBXFileReference; explicitFileType = wrapper.cfbundle; includeInIndex = 0; path = "Newtonian Physics SimulatorUITests.xctest"; sourceTree = BUILT_PRODUCTS_DIR; };
		5CB85E842DFC07AB004562D0 /* AppDelegate.swift */ = {isa = PBXFileReference; lastKnownFileType = sourcecode.swift; path = AppDelegate.swift; sourceTree = "<group>"; };
		5CB85E862DFC07C9004562D0 /* GameScene.swift */ = {isa = PBXFileReference; lastKnownFileType = sourcecode.swift; path = GameScene.swift; sourceTree = "<group>"; };
		5CB85E882DFC07EA004562D0 /* GameViewController.swift */ = {isa = PBXFileReference; lastKnownFileType = sourcecode.swift; path = GameViewController.swift; sourceTree = "<group>"; };
		5CB85E8A2DFC0810004562D0 /* PhysicsObjectFactory.swift */ = {isa = PBXFileReference; lastKnownFileType = sourcecode.swift; path = PhysicsObjectFactory.swift; sourceTree = "<group>"; };
		5CB85E8C2DFC084E004562D0 /* Assets.xcassets */ = {isa = PBXFileReference; lastKnownFileType = folder.assetcatalog; path = Assets.xcassets; sourceTree = "<group>"; };
		5CB85E8E2DFC0867004562D0 /* Actions.sks */ = {isa = PBXFileReference; lastKnownFileType = file.sks; path = Actions.sks; sourceTree = "<group>"; };
		5CB85E902DFC0882004562D0 /* GameScene.sks */ = {isa = PBXFileReference; lastKnownFileType = file.sks; path = GameScene.sks; sourceTree = "<group>"; };
		5CB85E922DFC08A0004562D0 /* Base */ = {isa = PBXFileReference; lastKnownFileType = file.storyboard; name = Base; path = LaunchScreen.storyboard; sourceTree = "<group>"; };
		5CB85E942DFC08A0004562D0 /* Base */ = {isa = PBXFileReference; lastKnownFileType = file.storyboard; name = Base; path = Main.storyboard; sourceTree = "<group>"; };
		5CB85EA52E1B9036004562D0 /* ObjectType.swift */ = {isa = PBXFileReference; lastKnownFileType = sourcecode.swift; path = ObjectType.swift; sourceTree = "<group>"; };
		5CB85EA72E1F1C2A004562D0 /* MainMenuScene.swift */ = {isa = PBXFileReference; lastKnownFileType = sourcecode.swift; path = MainMenuScene.swift; sourceTree = "<group>"; };
		5CB85EAB2E250546004562D0 /* MainMenuSceneDelegate.swift */ = {isa = PBXFileReference; lastKnownFileType = sourcecode.swift; path = MainMenuSceneDelegate.swift; sourceTree = "<group>"; };
		5CB85EAD2E2509C9004562D0 /* GameSceneUIDelegate.swift */ = {isa = PBXFileReference; lastKnownFileType = sourcecode.swift; path = GameSceneUIDelegate.swift; sourceTree = "<group>"; };
/* End PBXFileReference section */

/* Begin PBXFileSystemSynchronizedRootGroup section */
		5C28ED6D2DCEEC5E004E9D01 /* Newtonian Physics SimulatorTests */ = {
			isa = PBXFileSystemSynchronizedRootGroup;
			path = "Newtonian Physics SimulatorTests";
			sourceTree = "<group>";
		};
		5C28ED772DCEEC5E004E9D01 /* Newtonian Physics SimulatorUITests */ = {
			isa = PBXFileSystemSynchronizedRootGroup;
			path = "Newtonian Physics SimulatorUITests";
			sourceTree = "<group>";
		};
/* End PBXFileSystemSynchronizedRootGroup section */

/* Begin PBXFrameworksBuildPhase section */
		5C28ED4E2DCEEC5B004E9D01 /* Frameworks */ = {
			isa = PBXFrameworksBuildPhase;
			buildActionMask = 2147483647;
			files = (
			);
			runOnlyForDeploymentPostprocessing = 0;
		};
		5C28ED672DCEEC5E004E9D01 /* Frameworks */ = {
			isa = PBXFrameworksBuildPhase;
			buildActionMask = 2147483647;
			files = (
			);
			runOnlyForDeploymentPostprocessing = 0;
		};
		5C28ED712DCEEC5E004E9D01 /* Frameworks */ = {
			isa = PBXFrameworksBuildPhase;
			buildActionMask = 2147483647;
			files = (
			);
			runOnlyForDeploymentPostprocessing = 0;
		};
/* End PBXFrameworksBuildPhase section */

/* Begin PBXGroup section */
		5C28ED482DCEEC5B004E9D01 = {
			isa = PBXGroup;
			children = (
				5CB85E842DFC07AB004562D0 /* AppDelegate.swift */,
				5CB85EA52E1B9036004562D0 /* ObjectType.swift */,
				5CB85E862DFC07C9004562D0 /* GameScene.swift */,
				5CB85EAD2E2509C9004562D0 /* GameSceneUIDelegate.swift */,
				5CB85E882DFC07EA004562D0 /* GameViewController.swift */,
				5CB85EAB2E250546004562D0 /* MainMenuSceneDelegate.swift */,
				5CB85E8A2DFC0810004562D0 /* PhysicsObjectFactory.swift */,
				5CB85EA72E1F1C2A004562D0 /* MainMenuScene.swift */,
				5CB85E8C2DFC084E004562D0 /* Assets.xcassets */,
				5CB85E8E2DFC0867004562D0 /* Actions.sks */,
				5CB85E902DFC0882004562D0 /* GameScene.sks */,
				5CB85E962DFC08A0004562D0 /* Base.lproj */,
				5C28ED6D2DCEEC5E004E9D01 /* Newtonian Physics SimulatorTests */,
				5C28ED772DCEEC5E004E9D01 /* Newtonian Physics SimulatorUITests */,
				5C28ED522DCEEC5B004E9D01 /* Products */,
			);
			sourceTree = "<group>";
		};
		5C28ED522DCEEC5B004E9D01 /* Products */ = {
			isa = PBXGroup;
			children = (
				5C28ED512DCEEC5B004E9D01 /* Newtonian Physics Simulator.app */,
				5C28ED6A2DCEEC5E004E9D01 /* Newtonian Physics SimulatorTests.xctest */,
				5C28ED742DCEEC5E004E9D01 /* Newtonian Physics SimulatorUITests.xctest */,
			);
			name = Products;
			sourceTree = "<group>";
		};
		5CB85E962DFC08A0004562D0 /* Base.lproj */ = {
			isa = PBXGroup;
			children = (
				5CB85E932DFC08A0004562D0 /* LaunchScreen.storyboard */,
				5CB85E952DFC08A0004562D0 /* Main.storyboard */,
			);
			path = Base.lproj;
			sourceTree = "<group>";
		};
/* End PBXGroup section */

/* Begin PBXNativeTarget section */
		5C28ED502DCEEC5B004E9D01 /* Newtonian Physics Simulator */ = {
			isa = PBXNativeTarget;
			buildConfigurationList = 5C28ED7E2DCEEC5E004E9D01 /* Build configuration list for PBXNativeTarget "Newtonian Physics Simulator" */;
			buildPhases = (
				5C28ED4D2DCEEC5B004E9D01 /* Sources */,
				5C28ED4E2DCEEC5B004E9D01 /* Frameworks */,
				5C28ED4F2DCEEC5B004E9D01 /* Resources */,
			);
			buildRules = (
			);
			dependencies = (
			);
			name = "Newtonian Physics Simulator";
			packageProductDependencies = (
			);
			productName = "Newtonian Physics Simulator";
			productReference = 5C28ED512DCEEC5B004E9D01 /* Newtonian Physics Simulator.app */;
			productType = "com.apple.product-type.application";
		};
		5C28ED692DCEEC5E004E9D01 /* Newtonian Physics SimulatorTests */ = {
			isa = PBXNativeTarget;
			buildConfigurationList = 5C28ED812DCEEC5E004E9D01 /* Build configuration list for PBXNativeTarget "Newtonian Physics SimulatorTests" */;
			buildPhases = (
				5C28ED662DCEEC5E004E9D01 /* Sources */,
				5C28ED672DCEEC5E004E9D01 /* Frameworks */,
				5C28ED682DCEEC5E004E9D01 /* Resources */,
			);
			buildRules = (
			);
			dependencies = (
				5C28ED6C2DCEEC5E004E9D01 /* PBXTargetDependency */,
			);
			fileSystemSynchronizedGroups = (
				5C28ED6D2DCEEC5E004E9D01 /* Newtonian Physics SimulatorTests */,
			);
			name = "Newtonian Physics SimulatorTests";
			packageProductDependencies = (
			);
			productName = "Newtonian Physics SimulatorTests";
			productReference = 5C28ED6A2DCEEC5E004E9D01 /* Newtonian Physics SimulatorTests.xctest */;
			productType = "com.apple.product-type.bundle.unit-test";
		};
		5C28ED732DCEEC5E004E9D01 /* Newtonian Physics SimulatorUITests */ = {
			isa = PBXNativeTarget;
			buildConfigurationList = 5C28ED842DCEEC5E004E9D01 /* Build configuration list for PBXNativeTarget "Newtonian Physics SimulatorUITests" */;
			buildPhases = (
				5C28ED702DCEEC5E004E9D01 /* Sources */,
				5C28ED712DCEEC5E004E9D01 /* Frameworks */,
				5C28ED722DCEEC5E004E9D01 /* Resources */,
			);
			buildRules = (
			);
			dependencies = (
				5C28ED762DCEEC5E004E9D01 /* PBXTargetDependency */,
			);
			fileSystemSynchronizedGroups = (
				5C28ED772DCEEC5E004E9D01 /* Newtonian Physics SimulatorUITests */,
			);
			name = "Newtonian Physics SimulatorUITests";
			packageProductDependencies = (
			);
			productName = "Newtonian Physics SimulatorUITests";
			productReference = 5C28ED742DCEEC5E004E9D01 /* Newtonian Physics SimulatorUITests.xctest */;
			productType = "com.apple.product-type.bundle.ui-testing";
		};
/* End PBXNativeTarget section */

/* Begin PBXProject section */
		5C28ED492DCEEC5B004E9D01 /* Project object */ = {
			isa = PBXProject;
			attributes = {
				BuildIndependentTargetsInParallel = 1;
				LastSwiftUpdateCheck = 1630;
				LastUpgradeCheck = 1630;
				TargetAttributes = {
					5C28ED502DCEEC5B004E9D01 = {
						CreatedOnToolsVersion = 16.3;
						LastSwiftMigration = 1640;
					};
					5C28ED692DCEEC5E004E9D01 = {
						CreatedOnToolsVersion = 16.3;
						TestTargetID = 5C28ED502DCEEC5B004E9D01;
					};
					5C28ED732DCEEC5E004E9D01 = {
						CreatedOnToolsVersion = 16.3;
						TestTargetID = 5C28ED502DCEEC5B004E9D01;
					};
				};
			};
			buildConfigurationList = 5C28ED4C2DCEEC5B004E9D01 /* Build configuration list for PBXProject "Newtonian Physics Simulator" */;
			developmentRegion = en;
			hasScannedForEncodings = 0;
			knownRegions = (
				en,
				Base,
			);
			mainGroup = 5C28ED482DCEEC5B004E9D01;
			minimizedProjectReferenceProxies = 1;
			preferredProjectObjectVersion = 77;
			productRefGroup = 5C28ED522DCEEC5B004E9D01 /* Products */;
			projectDirPath = "";
			projectRoot = "";
			targets = (
				5C28ED502DCEEC5B004E9D01 /* Newtonian Physics Simulator */,
				5C28ED692DCEEC5E004E9D01 /* Newtonian Physics SimulatorTests */,
				5C28ED732DCEEC5E004E9D01 /* Newtonian Physics SimulatorUITests */,
			);
		};
/* End PBXProject section */

/* Begin PBXResourcesBuildPhase section */
		5C28ED4F2DCEEC5B004E9D01 /* Resources */ = {
			isa = PBXResourcesBuildPhase;
			buildActionMask = 2147483647;
			files = (
				5CB85E972DFC08A0004562D0 /* LaunchScreen.storyboard in Resources */,
				5CB85E982DFC08A0004562D0 /* Main.storyboard in Resources */,
				5CB85E912DFC0882004562D0 /* GameScene.sks in Resources */,
				5CB85E8D2DFC084E004562D0 /* Assets.xcassets in Resources */,
				5CB85E8F2DFC0867004562D0 /* Actions.sks in Resources */,
			);
			runOnlyForDeploymentPostprocessing = 0;
		};
		5C28ED682DCEEC5E004E9D01 /* Resources */ = {
			isa = PBXResourcesBuildPhase;
			buildActionMask = 2147483647;
			files = (
			);
			runOnlyForDeploymentPostprocessing = 0;
		};
		5C28ED722DCEEC5E004E9D01 /* Resources */ = {
			isa = PBXResourcesBuildPhase;
			buildActionMask = 2147483647;
			files = (
			);
			runOnlyForDeploymentPostprocessing = 0;
		};
/* End PBXResourcesBuildPhase section */

/* Begin PBXSourcesBuildPhase section */
		5C28ED4D2DCEEC5B004E9D01 /* Sources */ = {
			isa = PBXSourcesBuildPhase;
			buildActionMask = 2147483647;
			files = (
				5CB85EAC2E250555004562D0 /* MainMenuSceneDelegate.swift in Sources */,
				5CB85EA82E1F1C3D004562D0 /* MainMenuScene.swift in Sources */,
				5CB85EA62E1B9050004562D0 /* ObjectType.swift in Sources */,
				5CB85E892DFC07EA004562D0 /* GameViewController.swift in Sources */,
				5CB85E852DFC07AB004562D0 /* AppDelegate.swift in Sources */,
				5CB85EAE2E2509DD004562D0 /* GameSceneUIDelegate.swift in Sources */,
				5CB85E872DFC07C9004562D0 /* GameScene.swift in Sources */,
				5CB85E8B2DFC0810004562D0 /* PhysicsObjectFactory.swift in Sources */,
			);
			runOnlyForDeploymentPostprocessing = 0;
		};
		5C28ED662DCEEC5E004E9D01 /* Sources */ = {
			isa = PBXSourcesBuildPhase;
			buildActionMask = 2147483647;
			files = (
			);
			runOnlyForDeploymentPostprocessing = 0;
		};
		5C28ED702DCEEC5E004E9D01 /* Sources */ = {
			isa = PBXSourcesBuildPhase;
			buildActionMask = 2147483647;
			files = (
			);
			runOnlyForDeploymentPostprocessing = 0;
		};
/* End PBXSourcesBuildPhase section */

/* Begin PBXTargetDependency section */
		5C28ED6C2DCEEC5E004E9D01 /* PBXTargetDependency */ = {
			isa = PBXTargetDependency;
			target = 5C28ED502DCEEC5B004E9D01 /* Newtonian Physics Simulator */;
			targetProxy = 5C28ED6B2DCEEC5E004E9D01 /* PBXContainerItemProxy */;
		};
		5C28ED762DCEEC5E004E9D01 /* PBXTargetDependency */ = {
			isa = PBXTargetDependency;
			target = 5C28ED502DCEEC5B004E9D01 /* Newtonian Physics Simulator */;
			targetProxy = 5C28ED752DCEEC5E004E9D01 /* PBXContainerItemProxy */;
		};
/* End PBXTargetDependency section */

/* Begin PBXVariantGroup section */
		5CB85E932DFC08A0004562D0 /* LaunchScreen.storyboard */ = {
			isa = PBXVariantGroup;
			children = (
				5CB85E922DFC08A0004562D0 /* Base */,
			);
			name = LaunchScreen.storyboard;
			sourceTree = "<group>";
		};
		5CB85E952DFC08A0004562D0 /* Main.storyboard */ = {
			isa = PBXVariantGroup;
			children = (
				5CB85E942DFC08A0004562D0 /* Base */,
			);
			name = Main.storyboard;
			sourceTree = "<group>";
		};
/* End PBXVariantGroup section */

/* Begin XCBuildConfiguration section */
		5C28ED7C2DCEEC5E004E9D01 /* Debug */ = {
			isa = XCBuildConfiguration;
			buildSettings = {
				ALWAYS_SEARCH_USER_PATHS = NO;
				ASSETCATALOG_COMPILER_GENERATE_SWIFT_ASSET_SYMBOL_EXTENSIONS = YES;
				CLANG_ANALYZER_NONNULL = YES;
				CLANG_ANALYZER_NUMBER_OBJECT_CONVERSION = YES_AGGRESSIVE;
				CLANG_CXX_LANGUAGE_STANDARD = "gnu++20";
				CLANG_ENABLE_MODULES = YES;
				CLANG_ENABLE_OBJC_ARC = YES;
				CLANG_ENABLE_OBJC_WEAK = YES;
				CLANG_WARN_BLOCK_CAPTURE_AUTORELEASING = YES;
				CLANG_WARN_BOOL_CONVERSION = YES;
				CLANG_WARN_COMMA = YES;
				CLANG_WARN_CONSTANT_CONVERSION = YES;
				CLANG_WARN_DEPRECATED_OBJC_IMPLEMENTATIONS = YES;
				CLANG_WARN_DIRECT_OBJC_ISA_USAGE = YES_ERROR;
				CLANG_WARN_DOCUMENTATION_COMMENTS = YES;
				CLANG_WARN_EMPTY_BODY = YES;
				CLANG_WARN_ENUM_CONVERSION = YES;
				CLANG_WARN_INFINITE_RECURSION = YES;
				CLANG_WARN_INT_CONVERSION = YES;
				CLANG_WARN_NON_LITERAL_NULL_CONVERSION = YES;
				CLANG_WARN_OBJC_IMPLICIT_RETAIN_SELF = YES;
				CLANG_WARN_OBJC_LITERAL_CONVERSION = YES;
				CLANG_WARN_OBJC_ROOT_CLASS = YES_ERROR;
				CLANG_WARN_QUOTED_INCLUDE_IN_FRAMEWORK_HEADER = YES;
				CLANG_WARN_RANGE_LOOP_ANALYSIS = YES;
				CLANG_WARN_STRICT_PROTOTYPES = YES;
				CLANG_WARN_SUSPICIOUS_MOVE = YES;
				CLANG_WARN_UNGUARDED_AVAILABILITY = YES_AGGRESSIVE;
				CLANG_WARN_UNREACHABLE_CODE = YES;
				CLANG_WARN__DUPLICATE_METHOD_MATCH = YES;
				COPY_PHASE_STRIP = NO;
				DEBUG_INFORMATION_FORMAT = dwarf;
				DEVELOPMENT_TEAM = MJ379P7U7T;
				ENABLE_STRICT_OBJC_MSGSEND = YES;
				ENABLE_TESTABILITY = YES;
				ENABLE_USER_SCRIPT_SANDBOXING = YES;
				GCC_C_LANGUAGE_STANDARD = gnu17;
				GCC_DYNAMIC_NO_PIC = NO;
				GCC_NO_COMMON_BLOCKS = YES;
				GCC_OPTIMIZATION_LEVEL = 0;
				GCC_PREPROCESSOR_DEFINITIONS = (
					"DEBUG=1",
					"$(inherited)",
				);
				GCC_WARN_64_TO_32_BIT_CONVERSION = YES;
				GCC_WARN_ABOUT_RETURN_TYPE = YES_ERROR;
				GCC_WARN_UNDECLARED_SELECTOR = YES;
				GCC_WARN_UNINITIALIZED_AUTOS = YES_AGGRESSIVE;
				GCC_WARN_UNUSED_FUNCTION = YES;
				GCC_WARN_UNUSED_VARIABLE = YES;
				IPHONEOS_DEPLOYMENT_TARGET = 18.4;
				LOCALIZATION_PREFERS_STRING_CATALOGS = YES;
				MTL_ENABLE_DEBUG_INFO = INCLUDE_SOURCE;
				MTL_FAST_MATH = YES;
				ONLY_ACTIVE_ARCH = YES;
				SDKROOT = iphoneos;
				SWIFT_ACTIVE_COMPILATION_CONDITIONS = "DEBUG $(inherited)";
				SWIFT_OPTIMIZATION_LEVEL = "-Onone";
			};
			name = Debug;
		};
		5C28ED7D2DCEEC5E004E9D01 /* Release */ = {
			isa = XCBuildConfiguration;
			buildSettings = {
				ALWAYS_SEARCH_USER_PATHS = NO;
				ASSETCATALOG_COMPILER_GENERATE_SWIFT_ASSET_SYMBOL_EXTENSIONS = YES;
				CLANG_ANALYZER_NONNULL = YES;
				CLANG_ANALYZER_NUMBER_OBJECT_CONVERSION = YES_AGGRESSIVE;
				CLANG_CXX_LANGUAGE_STANDARD = "gnu++20";
				CLANG_ENABLE_MODULES = YES;
				CLANG_ENABLE_OBJC_ARC = YES;
				CLANG_ENABLE_OBJC_WEAK = YES;
				CLANG_WARN_BLOCK_CAPTURE_AUTORELEASING = YES;
				CLANG_WARN_BOOL_CONVERSION = YES;
				CLANG_WARN_COMMA = YES;
				CLANG_WARN_CONSTANT_CONVERSION = YES;
				CLANG_WARN_DEPRECATED_OBJC_IMPLEMENTATIONS = YES;
				CLANG_WARN_DIRECT_OBJC_ISA_USAGE = YES_ERROR;
				CLANG_WARN_DOCUMENTATION_COMMENTS = YES;
				CLANG_WARN_EMPTY_BODY = YES;
				CLANG_WARN_ENUM_CONVERSION = YES;
				CLANG_WARN_INFINITE_RECURSION = YES;
				CLANG_WARN_INT_CONVERSION = YES;
				CLANG_WARN_NON_LITERAL_NULL_CONVERSION = YES;
				CLANG_WARN_OBJC_IMPLICIT_RETAIN_SELF = YES;
				CLANG_WARN_OBJC_LITERAL_CONVERSION = YES;
				CLANG_WARN_OBJC_ROOT_CLASS = YES_ERROR;
				CLANG_WARN_QUOTED_INCLUDE_IN_FRAMEWORK_HEADER = YES;
				CLANG_WARN_RANGE_LOOP_ANALYSIS = YES;
				CLANG_WARN_STRICT_PROTOTYPES = YES;
				CLANG_WARN_SUSPICIOUS_MOVE = YES;
				CLANG_WARN_UNGUARDED_AVAILABILITY = YES_AGGRESSIVE;
				CLANG_WARN_UNREACHABLE_CODE = YES;
				CLANG_WARN__DUPLICATE_METHOD_MATCH = YES;
				COPY_PHASE_STRIP = NO;
				DEBUG_INFORMATION_FORMAT = "dwarf-with-dsym";
				DEVELOPMENT_TEAM = MJ379P7U7T;
				ENABLE_NS_ASSERTIONS = NO;
				ENABLE_STRICT_OBJC_MSGSEND = YES;
				ENABLE_USER_SCRIPT_SANDBOXING = YES;
				GCC_C_LANGUAGE_STANDARD = gnu17;
				GCC_NO_COMMON_BLOCKS = YES;
				GCC_WARN_64_TO_32_BIT_CONVERSION = YES;
				GCC_WARN_ABOUT_RETURN_TYPE = YES_ERROR;
				GCC_WARN_UNDECLARED_SELECTOR = YES;
				GCC_WARN_UNINITIALIZED_AUTOS = YES_AGGRESSIVE;
				GCC_WARN_UNUSED_FUNCTION = YES;
				GCC_WARN_UNUSED_VARIABLE = YES;
				IPHONEOS_DEPLOYMENT_TARGET = 18.4;
				LOCALIZATION_PREFERS_STRING_CATALOGS = YES;
				MTL_ENABLE_DEBUG_INFO = NO;
				MTL_FAST_MATH = YES;
				SDKROOT = iphoneos;
				SWIFT_COMPILATION_MODE = wholemodule;
				VALIDATE_PRODUCT = YES;
			};
			name = Release;
		};
		5C28ED7F2DCEEC5E004E9D01 /* Debug */ = {
			isa = XCBuildConfiguration;
			buildSettings = {
				ASSETCATALOG_COMPILER_APPICON_NAME = AppIcon;
				ASSETCATALOG_COMPILER_GLOBAL_ACCENT_COLOR_NAME = AccentColor;
				CLANG_ENABLE_MODULES = YES;
				CODE_SIGN_STYLE = Automatic;
				CURRENT_PROJECT_VERSION = 1;
				DEVELOPMENT_TEAM = MJ379P7U7T;
				GENERATE_INFOPLIST_FILE = YES;
				INFOPLIST_KEY_UIApplicationSupportsIndirectInputEvents = YES;
				INFOPLIST_KEY_UILaunchStoryboardName = LaunchScreen;
				INFOPLIST_KEY_UIMainStoryboardFile = Main;
				INFOPLIST_KEY_UIStatusBarHidden = YES;
				INFOPLIST_KEY_UISupportedInterfaceOrientations_iPad = "UIInterfaceOrientationPortrait UIInterfaceOrientationPortraitUpsideDown UIInterfaceOrientationLandscapeLeft UIInterfaceOrientationLandscapeRight";
				INFOPLIST_KEY_UISupportedInterfaceOrientations_iPhone = "UIInterfaceOrientationPortrait UIInterfaceOrientationLandscapeLeft UIInterfaceOrientationLandscapeRight";
				LD_RUNPATH_SEARCH_PATHS = (
					"$(inherited)",
					"@executable_path/Frameworks",
				);
				MARKETING_VERSION = 1.0;
				PRODUCT_BUNDLE_IDENTIFIER = "com.github.alexbritop24.Newtonian-Physics-Simulator";
				PRODUCT_NAME = "$(TARGET_NAME)";
				SWIFT_EMIT_LOC_STRINGS = YES;
				SWIFT_OPTIMIZATION_LEVEL = "-Onone";
				SWIFT_VERSION = 5.0;
				TARGETED_DEVICE_FAMILY = "1,2";
			};
			name = Debug;
		};
		5C28ED802DCEEC5E004E9D01 /* Release */ = {
			isa = XCBuildConfiguration;
			buildSettings = {
				ASSETCATALOG_COMPILER_APPICON_NAME = AppIcon;
				ASSETCATALOG_COMPILER_GLOBAL_ACCENT_COLOR_NAME = AccentColor;
				CLANG_ENABLE_MODULES = YES;
				CODE_SIGN_STYLE = Automatic;
				CURRENT_PROJECT_VERSION = 1;
				DEVELOPMENT_TEAM = MJ379P7U7T;
				GENERATE_INFOPLIST_FILE = YES;
				INFOPLIST_KEY_UIApplicationSupportsIndirectInputEvents = YES;
				INFOPLIST_KEY_UILaunchStoryboardName = LaunchScreen;
				INFOPLIST_KEY_UIMainStoryboardFile = Main;
				INFOPLIST_KEY_UIStatusBarHidden = YES;
				INFOPLIST_KEY_UISupportedInterfaceOrientations_iPad = "UIInterfaceOrientationPortrait UIInterfaceOrientationPortraitUpsideDown UIInterfaceOrientationLandscapeLeft UIInterfaceOrientationLandscapeRight";
				INFOPLIST_KEY_UISupportedInterfaceOrientations_iPhone = "UIInterfaceOrientationPortrait UIInterfaceOrientationLandscapeLeft UIInterfaceOrientationLandscapeRight";
				LD_RUNPATH_SEARCH_PATHS = (
					"$(inherited)",
					"@executable_path/Frameworks",
				);
				MARKETING_VERSION = 1.0;
				PRODUCT_BUNDLE_IDENTIFIER = "com.github.alexbritop24.Newtonian-Physics-Simulator";
				PRODUCT_NAME = "$(TARGET_NAME)";
				SWIFT_EMIT_LOC_STRINGS = YES;
				SWIFT_VERSION = 5.0;
				TARGETED_DEVICE_FAMILY = "1,2";
			};
			name = Release;
		};
		5C28ED822DCEEC5E004E9D01 /* Debug */ = {
			isa = XCBuildConfiguration;
			buildSettings = {
				BUNDLE_LOADER = "$(TEST_HOST)";
				CODE_SIGN_STYLE = Automatic;
				CURRENT_PROJECT_VERSION = 1;
				DEVELOPMENT_TEAM = MJ379P7U7T;
				GENERATE_INFOPLIST_FILE = YES;
				IPHONEOS_DEPLOYMENT_TARGET = 18.4;
				MARKETING_VERSION = 1.0;
				PRODUCT_BUNDLE_IDENTIFIER = "com.github.alexbritop24.Newtonian-Physics-SimulatorTests";
				PRODUCT_NAME = "$(TARGET_NAME)";
				SWIFT_EMIT_LOC_STRINGS = NO;
				SWIFT_VERSION = 5.0;
				TARGETED_DEVICE_FAMILY = "1,2";
				TEST_HOST = "$(BUILT_PRODUCTS_DIR)/Newtonian Physics Simulator.app/$(BUNDLE_EXECUTABLE_FOLDER_PATH)/Newtonian Physics Simulator";
			};
			name = Debug;
		};
		5C28ED832DCEEC5E004E9D01 /* Release */ = {
			isa = XCBuildConfiguration;
			buildSettings = {
				BUNDLE_LOADER = "$(TEST_HOST)";
				CODE_SIGN_STYLE = Automatic;
				CURRENT_PROJECT_VERSION = 1;
				DEVELOPMENT_TEAM = MJ379P7U7T;
				GENERATE_INFOPLIST_FILE = YES;
				IPHONEOS_DEPLOYMENT_TARGET = 18.4;
				MARKETING_VERSION = 1.0;
				PRODUCT_BUNDLE_IDENTIFIER = "com.github.alexbritop24.Newtonian-Physics-SimulatorTests";
				PRODUCT_NAME = "$(TARGET_NAME)";
				SWIFT_EMIT_LOC_STRINGS = NO;
				SWIFT_VERSION = 5.0;
				TARGETED_DEVICE_FAMILY = "1,2";
				TEST_HOST = "$(BUILT_PRODUCTS_DIR)/Newtonian Physics Simulator.app/$(BUNDLE_EXECUTABLE_FOLDER_PATH)/Newtonian Physics Simulator";
			};
			name = Release;
		};
		5C28ED852DCEEC5E004E9D01 /* Debug */ = {
			isa = XCBuildConfiguration;
			buildSettings = {
				CODE_SIGN_STYLE = Automatic;
				CURRENT_PROJECT_VERSION = 1;
				DEVELOPMENT_TEAM = MJ379P7U7T;
				GENERATE_INFOPLIST_FILE = YES;
				MARKETING_VERSION = 1.0;
				PRODUCT_BUNDLE_IDENTIFIER = "com.github.alexbritop24.Newtonian-Physics-SimulatorUITests";
				PRODUCT_NAME = "$(TARGET_NAME)";
				SWIFT_EMIT_LOC_STRINGS = NO;
				SWIFT_VERSION = 5.0;
				TARGETED_DEVICE_FAMILY = "1,2";
				TEST_TARGET_NAME = "Newtonian Physics Simulator";
			};
			name = Debug;
		};
		5C28ED862DCEEC5E004E9D01 /* Release */ = {
			isa = XCBuildConfiguration;
			buildSettings = {
				CODE_SIGN_STYLE = Automatic;
				CURRENT_PROJECT_VERSION = 1;
				DEVELOPMENT_TEAM = MJ379P7U7T;
				GENERATE_INFOPLIST_FILE = YES;
				MARKETING_VERSION = 1.0;
				PRODUCT_BUNDLE_IDENTIFIER = "com.github.alexbritop24.Newtonian-Physics-SimulatorUITests";
				PRODUCT_NAME = "$(TARGET_NAME)";
				SWIFT_EMIT_LOC_STRINGS = NO;
				SWIFT_VERSION = 5.0;
				TARGETED_DEVICE_FAMILY = "1,2";
				TEST_TARGET_NAME = "Newtonian Physics Simulator";
			};
			name = Release;
		};
/* End XCBuildConfiguration section */

/* Begin XCConfigurationList section */
		5C28ED4C2DCEEC5B004E9D01 /* Build configuration list for PBXProject "Newtonian Physics Simulator" */ = {
			isa = XCConfigurationList;
			buildConfigurations = (
				5C28ED7C2DCEEC5E004E9D01 /* Debug */,
				5C28ED7D2DCEEC5E004E9D01 /* Release */,
			);
			defaultConfigurationIsVisible = 0;
			defaultConfigurationName = Release;
		};
		5C28ED7E2DCEEC5E004E9D01 /* Build configuration list for PBXNativeTarget "Newtonian Physics Simulator" */ = {
			isa = XCConfigurationList;
			buildConfigurations = (
				5C28ED7F2DCEEC5E004E9D01 /* Debug */,
				5C28ED802DCEEC5E004E9D01 /* Release */,
			);
			defaultConfigurationIsVisible = 0;
			defaultConfigurationName = Release;
		};
		5C28ED812DCEEC5E004E9D01 /* Build configuration list for PBXNativeTarget "Newtonian Physics SimulatorTests" */ = {
			isa = XCConfigurationList;
			buildConfigurations = (
				5C28ED822DCEEC5E004E9D01 /* Debug */,
				5C28ED832DCEEC5E004E9D01 /* Release */,
			);
			defaultConfigurationIsVisible = 0;
			defaultConfigurationName = Release;
		};
		5C28ED842DCEEC5E004E9D01 /* Build configuration list for PBXNativeTarget "Newtonian Physics SimulatorUITests" */ = {
			isa = XCConfigurationList;
			buildConfigurations = (
				5C28ED852DCEEC5E004E9D01 /* Debug */,
				5C28ED862DCEEC5E004E9D01 /* Release */,
			);
			defaultConfigurationIsVisible = 0;
			defaultConfigurationName = Release;
		};
/* End XCConfigurationList section */
	};
	rootObject = 5C28ED492DCEEC5B004E9D01 /* Project object */;
}
